// !$*UTF8*$!
{
	archiveVersion = 1;
	classes = {
	};
	objectVersion = 56;
	objects = {

/* Begin PBXBuildFile section */
		BB86C1352A1475C000A48092 /* TicTacToeAppApp.swift in Sources */ = {isa = PBXBuildFile; fileRef = BB86C1342A1475C000A48092 /* TicTacToeAppApp.swift */; };
		BB86C1372A1475C000A48092 /* ContentView.swift in Sources */ = {isa = PBXBuildFile; fileRef = BB86C1362A1475C000A48092 /* ContentView.swift */; };
		BB86C1392A1475C100A48092 /* Assets.xcassets in Resources */ = {isa = PBXBuildFile; fileRef = BB86C1382A1475C100A48092 /* Assets.xcassets */; };
		BB86C13C2A1475C100A48092 /* Preview Assets.xcassets in Resources */ = {isa = PBXBuildFile; fileRef = BB86C13B2A1475C100A48092 /* Preview Assets.xcassets */; };
		BB86C13E2A1475C100A48092 /* Persistence.swift in Sources */ = {isa = PBXBuildFile; fileRef = BB86C13D2A1475C100A48092 /* Persistence.swift */; };
		BB86C1412A1475C100A48092 /* TicTacToeApp.xcdatamodeld in Sources */ = {isa = PBXBuildFile; fileRef = BB86C13F2A1475C100A48092 /* TicTacToeApp.xcdatamodeld */; };
		BB86C14B2A1475C100A48092 /* TicModelTests.swift in Sources */ = {isa = PBXBuildFile; fileRef = BB86C14A2A1475C100A48092 /* TicModelTests.swift */; };
		BB86C1552A1475C100A48092 /* TicTacToeAppUITests.swift in Sources */ = {isa = PBXBuildFile; fileRef = BB86C1542A1475C100A48092 /* TicTacToeAppUITests.swift */; };
		BB86C1572A1475C100A48092 /* TicTacToeAppUITestsLaunchTests.swift in Sources */ = {isa = PBXBuildFile; fileRef = BB86C1562A1475C100A48092 /* TicTacToeAppUITestsLaunchTests.swift */; };
		BB86C1662A153B8700A48092 /* TicModel.swift in Sources */ = {isa = PBXBuildFile; fileRef = BB86C1652A153B8700A48092 /* TicModel.swift */; };
		BB86C16D2A160C6300A48092 /* TicViewModel.swift in Sources */ = {isa = PBXBuildFile; fileRef = BB86C16C2A160C6300A48092 /* TicViewModel.swift */; };
		BB86C16F2A160CA300A48092 /* TicViewModelTests.swift in Sources */ = {isa = PBXBuildFile; fileRef = BB86C16E2A160CA300A48092 /* TicViewModelTests.swift */; };
/* End PBXBuildFile section */

/* Begin PBXContainerItemProxy section */
		BB86C1472A1475C100A48092 /* PBXContainerItemProxy */ = {
			isa = PBXContainerItemProxy;
			containerPortal = BB86C1292A1475C000A48092 /* Project object */;
			proxyType = 1;
			remoteGlobalIDString = BB86C1302A1475C000A48092;
			remoteInfo = TicTacToeApp;
		};
		BB86C1512A1475C100A48092 /* PBXContainerItemProxy */ = {
			isa = PBXContainerItemProxy;
			containerPortal = BB86C1292A1475C000A48092 /* Project object */;
			proxyType = 1;
			remoteGlobalIDString = BB86C1302A1475C000A48092;
			remoteInfo = TicTacToeApp;
		};
/* End PBXContainerItemProxy section */

/* Begin PBXFileReference section */
		BB86C1312A1475C000A48092 /* TicTacToeApp.app */ = {isa = PBXFileReference; explicitFileType = wrapper.application; includeInIndex = 0; path = TicTacToeApp.app; sourceTree = BUILT_PRODUCTS_DIR; };
		BB86C1342A1475C000A48092 /* TicTacToeAppApp.swift */ = {isa = PBXFileReference; lastKnownFileType = sourcecode.swift; path = TicTacToeAppApp.swift; sourceTree = "<group>"; };
		BB86C1362A1475C000A48092 /* ContentView.swift */ = {isa = PBXFileReference; lastKnownFileType = sourcecode.swift; path = ContentView.swift; sourceTree = "<group>"; };
		BB86C1382A1475C100A48092 /* Assets.xcassets */ = {isa = PBXFileReference; lastKnownFileType = folder.assetcatalog; path = Assets.xcassets; sourceTree = "<group>"; };
		BB86C13B2A1475C100A48092 /* Preview Assets.xcassets */ = {isa = PBXFileReference; lastKnownFileType = folder.assetcatalog; path = "Preview Assets.xcassets"; sourceTree = "<group>"; };
		BB86C13D2A1475C100A48092 /* Persistence.swift */ = {isa = PBXFileReference; lastKnownFileType = sourcecode.swift; path = Persistence.swift; sourceTree = "<group>"; };
		BB86C1402A1475C100A48092 /* TicTacToeApp.xcdatamodel */ = {isa = PBXFileReference; lastKnownFileType = wrapper.xcdatamodel; path = TicTacToeApp.xcdatamodel; sourceTree = "<group>"; };
		BB86C1462A1475C100A48092 /* TicTacToeAppTests.xctest */ = {isa = PBXFileReference; explicitFileType = wrapper.cfbundle; includeInIndex = 0; path = TicTacToeAppTests.xctest; sourceTree = BUILT_PRODUCTS_DIR; };
		BB86C14A2A1475C100A48092 /* TicModelTests.swift */ = {isa = PBXFileReference; lastKnownFileType = sourcecode.swift; path = TicModelTests.swift; sourceTree = "<group>"; };
		BB86C1502A1475C100A48092 /* TicTacToeAppUITests.xctest */ = {isa = PBXFileReference; explicitFileType = wrapper.cfbundle; includeInIndex = 0; path = TicTacToeAppUITests.xctest; sourceTree = BUILT_PRODUCTS_DIR; };
		BB86C1542A1475C100A48092 /* TicTacToeAppUITests.swift */ = {isa = PBXFileReference; lastKnownFileType = sourcecode.swift; path = TicTacToeAppUITests.swift; sourceTree = "<group>"; };
		BB86C1562A1475C100A48092 /* TicTacToeAppUITestsLaunchTests.swift */ = {isa = PBXFileReference; lastKnownFileType = sourcecode.swift; path = TicTacToeAppUITestsLaunchTests.swift; sourceTree = "<group>"; };
		BB86C1652A153B8700A48092 /* TicModel.swift */ = {isa = PBXFileReference; lastKnownFileType = sourcecode.swift; path = TicModel.swift; sourceTree = "<group>"; };
		BB86C16C2A160C6300A48092 /* TicViewModel.swift */ = {isa = PBXFileReference; lastKnownFileType = sourcecode.swift; path = TicViewModel.swift; sourceTree = "<group>"; };
		BB86C16E2A160CA300A48092 /* TicViewModelTests.swift */ = {isa = PBXFileReference; lastKnownFileType = sourcecode.swift; path = TicViewModelTests.swift; sourceTree = "<group>"; };
/* End PBXFileReference section */

/* Begin PBXFrameworksBuildPhase section */
		BB86C12E2A1475C000A48092 /* Frameworks */ = {
			isa = PBXFrameworksBuildPhase;
			buildActionMask = 2147483647;
			files = (
			);
			runOnlyForDeploymentPostprocessing = 0;
		};
		BB86C1432A1475C100A48092 /* Frameworks */ = {
			isa = PBXFrameworksBuildPhase;
			buildActionMask = 2147483647;
			files = (
			);
			runOnlyForDeploymentPostprocessing = 0;
		};
		BB86C14D2A1475C100A48092 /* Frameworks */ = {
			isa = PBXFrameworksBuildPhase;
			buildActionMask = 2147483647;
			files = (
			);
			runOnlyForDeploymentPostprocessing = 0;
		};
/* End PBXFrameworksBuildPhase section */

/* Begin PBXGroup section */
		BB86C1282A1475C000A48092 = {
			isa = PBXGroup;
			children = (
				BB86C1332A1475C000A48092 /* TicTacToeApp */,
				BB86C1492A1475C100A48092 /* TicTacToeAppTests */,
				BB86C1532A1475C100A48092 /* TicTacToeAppUITests */,
				BB86C1322A1475C000A48092 /* Products */,
			);
			sourceTree = "<group>";
		};
		BB86C1322A1475C000A48092 /* Products */ = {
			isa = PBXGroup;
			children = (
				BB86C1312A1475C000A48092 /* TicTacToeApp.app */,
				BB86C1462A1475C100A48092 /* TicTacToeAppTests.xctest */,
				BB86C1502A1475C100A48092 /* TicTacToeAppUITests.xctest */,
			);
			name = Products;
			sourceTree = "<group>";
		};
		BB86C1332A1475C000A48092 /* TicTacToeApp */ = {
			isa = PBXGroup;
			children = (
				BB86C16B2A160C5000A48092 /* ViewModels */,
				BB86C1632A153B6900A48092 /* Data */,
				BB86C1342A1475C000A48092 /* TicTacToeAppApp.swift */,
				BB86C1362A1475C000A48092 /* ContentView.swift */,
				BB86C1382A1475C100A48092 /* Assets.xcassets */,
				BB86C13D2A1475C100A48092 /* Persistence.swift */,
				BB86C13F2A1475C100A48092 /* TicTacToeApp.xcdatamodeld */,
				BB86C13A2A1475C100A48092 /* Preview Content */,
			);
			path = TicTacToeApp;
			sourceTree = "<group>";
		};
		BB86C13A2A1475C100A48092 /* Preview Content */ = {
			isa = PBXGroup;
			children = (
				BB86C13B2A1475C100A48092 /* Preview Assets.xcassets */,
			);
			path = "Preview Content";
			sourceTree = "<group>";
		};
		BB86C1492A1475C100A48092 /* TicTacToeAppTests */ = {
			isa = PBXGroup;
			children = (
				BB86C1682A160BF900A48092 /* ViewModelTests */,
				BB86C1672A160BF200A48092 /* ModelTests */,
			);
			path = TicTacToeAppTests;
			sourceTree = "<group>";
		};
		BB86C1532A1475C100A48092 /* TicTacToeAppUITests */ = {
			isa = PBXGroup;
			children = (
				BB86C1542A1475C100A48092 /* TicTacToeAppUITests.swift */,
				BB86C1562A1475C100A48092 /* TicTacToeAppUITestsLaunchTests.swift */,
			);
			path = TicTacToeAppUITests;
			sourceTree = "<group>";
		};
		BB86C1632A153B6900A48092 /* Data */ = {
			isa = PBXGroup;
			children = (
				BB86C1642A153B7400A48092 /* Model */,
			);
			path = Data;
			sourceTree = "<group>";
		};
		BB86C1642A153B7400A48092 /* Model */ = {
			isa = PBXGroup;
			children = (
				BB86C1652A153B8700A48092 /* TicModel.swift */,
			);
			path = Model;
			sourceTree = "<group>";
		};
		BB86C1672A160BF200A48092 /* ModelTests */ = {
			isa = PBXGroup;
			children = (
				BB86C14A2A1475C100A48092 /* TicModelTests.swift */,
			);
			path = ModelTests;
			sourceTree = "<group>";
		};
		BB86C1682A160BF900A48092 /* ViewModelTests */ = {
			isa = PBXGroup;
			children = (
				BB86C16E2A160CA300A48092 /* TicViewModelTests.swift */,
			);
			path = ViewModelTests;
			sourceTree = "<group>";
		};
		BB86C16B2A160C5000A48092 /* ViewModels */ = {
			isa = PBXGroup;
			children = (
				BB86C16C2A160C6300A48092 /* TicViewModel.swift */,
			);
			path = ViewModels;
			sourceTree = "<group>";
		};
/* End PBXGroup section */

/* Begin PBXNativeTarget section */
		BB86C1302A1475C000A48092 /* TicTacToeApp */ = {
			isa = PBXNativeTarget;
			buildConfigurationList = BB86C15A2A1475C100A48092 /* Build configuration list for PBXNativeTarget "TicTacToeApp" */;
			buildPhases = (
				BB86C12D2A1475C000A48092 /* Sources */,
				BB86C12E2A1475C000A48092 /* Frameworks */,
				BB86C12F2A1475C000A48092 /* Resources */,
			);
			buildRules = (
			);
			dependencies = (
			);
			name = TicTacToeApp;
			productName = TicTacToeApp;
			productReference = BB86C1312A1475C000A48092 /* TicTacToeApp.app */;
			productType = "com.apple.product-type.application";
		};
		BB86C1452A1475C100A48092 /* TicTacToeAppTests */ = {
			isa = PBXNativeTarget;
			buildConfigurationList = BB86C15D2A1475C100A48092 /* Build configuration list for PBXNativeTarget "TicTacToeAppTests" */;
			buildPhases = (
				BB86C1422A1475C100A48092 /* Sources */,
				BB86C1432A1475C100A48092 /* Frameworks */,
				BB86C1442A1475C100A48092 /* Resources */,
			);
			buildRules = (
			);
			dependencies = (
				BB86C1482A1475C100A48092 /* PBXTargetDependency */,
			);
			name = TicTacToeAppTests;
			productName = TicTacToeAppTests;
			productReference = BB86C1462A1475C100A48092 /* TicTacToeAppTests.xctest */;
			productType = "com.apple.product-type.bundle.unit-test";
		};
		BB86C14F2A1475C100A48092 /* TicTacToeAppUITests */ = {
			isa = PBXNativeTarget;
			buildConfigurationList = BB86C1602A1475C100A48092 /* Build configuration list for PBXNativeTarget "TicTacToeAppUITests" */;
			buildPhases = (
				BB86C14C2A1475C100A48092 /* Sources */,
				BB86C14D2A1475C100A48092 /* Frameworks */,
				BB86C14E2A1475C100A48092 /* Resources */,
			);
			buildRules = (
			);
			dependencies = (
				BB86C1522A1475C100A48092 /* PBXTargetDependency */,
			);
			name = TicTacToeAppUITests;
			productName = TicTacToeAppUITests;
			productReference = BB86C1502A1475C100A48092 /* TicTacToeAppUITests.xctest */;
			productType = "com.apple.product-type.bundle.ui-testing";
		};
/* End PBXNativeTarget section */

/* Begin PBXProject section */
		BB86C1292A1475C000A48092 /* Project object */ = {
			isa = PBXProject;
			attributes = {
				BuildIndependentTargetsInParallel = 1;
				LastSwiftUpdateCheck = 1430;
				LastUpgradeCheck = 1430;
				TargetAttributes = {
					BB86C1302A1475C000A48092 = {
						CreatedOnToolsVersion = 14.3;
					};
					BB86C1452A1475C100A48092 = {
						CreatedOnToolsVersion = 14.3;
						TestTargetID = BB86C1302A1475C000A48092;
					};
					BB86C14F2A1475C100A48092 = {
						CreatedOnToolsVersion = 14.3;
						TestTargetID = BB86C1302A1475C000A48092;
					};
				};
			};
			buildConfigurationList = BB86C12C2A1475C000A48092 /* Build configuration list for PBXProject "TicTacToeApp" */;
			compatibilityVersion = "Xcode 14.0";
			developmentRegion = en;
			hasScannedForEncodings = 0;
			knownRegions = (
				en,
				Base,
			);
			mainGroup = BB86C1282A1475C000A48092;
			productRefGroup = BB86C1322A1475C000A48092 /* Products */;
			projectDirPath = "";
			projectRoot = "";
			targets = (
				BB86C1302A1475C000A48092 /* TicTacToeApp */,
				BB86C1452A1475C100A48092 /* TicTacToeAppTests */,
				BB86C14F2A1475C100A48092 /* TicTacToeAppUITests */,
			);
		};
/* End PBXProject section */

/* Begin PBXResourcesBuildPhase section */
		BB86C12F2A1475C000A48092 /* Resources */ = {
			isa = PBXResourcesBuildPhase;
			buildActionMask = 2147483647;
			files = (
				BB86C13C2A1475C100A48092 /* Preview Assets.xcassets in Resources */,
				BB86C1392A1475C100A48092 /* Assets.xcassets in Resources */,
			);
			runOnlyForDeploymentPostprocessing = 0;
		};
		BB86C1442A1475C100A48092 /* Resources */ = {
			isa = PBXResourcesBuildPhase;
			buildActionMask = 2147483647;
			files = (
			);
			runOnlyForDeploymentPostprocessing = 0;
		};
		BB86C14E2A1475C100A48092 /* Resources */ = {
			isa = PBXResourcesBuildPhase;
			buildActionMask = 2147483647;
			files = (
			);
			runOnlyForDeploymentPostprocessing = 0;
		};
/* End PBXResourcesBuildPhase section */

/* Begin PBXSourcesBuildPhase section */
		BB86C12D2A1475C000A48092 /* Sources */ = {
			isa = PBXSourcesBuildPhase;
			buildActionMask = 2147483647;
			files = (
				BB86C13E2A1475C100A48092 /* Persistence.swift in Sources */,
				BB86C16D2A160C6300A48092 /* TicViewModel.swift in Sources */,
				BB86C1372A1475C000A48092 /* ContentView.swift in Sources */,
				BB86C1412A1475C100A48092 /* TicTacToeApp.xcdatamodeld in Sources */,
				BB86C1352A1475C000A48092 /* TicTacToeAppApp.swift in Sources */,
				BB86C1662A153B8700A48092 /* TicModel.swift in Sources */,
			);
			runOnlyForDeploymentPostprocessing = 0;
		};
		BB86C1422A1475C100A48092 /* Sources */ = {
			isa = PBXSourcesBuildPhase;
			buildActionMask = 2147483647;
			files = (
				BB86C14B2A1475C100A48092 /* TicModelTests.swift in Sources */,
				BB86C16F2A160CA300A48092 /* TicViewModelTests.swift in Sources */,
			);
			runOnlyForDeploymentPostprocessing = 0;
		};
		BB86C14C2A1475C100A48092 /* Sources */ = {
			isa = PBXSourcesBuildPhase;
			buildActionMask = 2147483647;
			files = (
				BB86C1552A1475C100A48092 /* TicTacToeAppUITests.swift in Sources */,
				BB86C1572A1475C100A48092 /* TicTacToeAppUITestsLaunchTests.swift in Sources */,
			);
			runOnlyForDeploymentPostprocessing = 0;
		};
/* End PBXSourcesBuildPhase section */

/* Begin PBXTargetDependency section */
		BB86C1482A1475C100A48092 /* PBXTargetDependency */ = {
			isa = PBXTargetDependency;
			target = BB86C1302A1475C000A48092 /* TicTacToeApp */;
			targetProxy = BB86C1472A1475C100A48092 /* PBXContainerItemProxy */;
		};
		BB86C1522A1475C100A48092 /* PBXTargetDependency */ = {
			isa = PBXTargetDependency;
			target = BB86C1302A1475C000A48092 /* TicTacToeApp */;
			targetProxy = BB86C1512A1475C100A48092 /* PBXContainerItemProxy */;
		};
/* End PBXTargetDependency section */

/* Begin XCBuildConfiguration section */
		BB86C1582A1475C100A48092 /* Debug */ = {
			isa = XCBuildConfiguration;
			buildSettings = {
				ALWAYS_SEARCH_USER_PATHS = NO;
				CLANG_ANALYZER_NONNULL = YES;
				CLANG_ANALYZER_NUMBER_OBJECT_CONVERSION = YES_AGGRESSIVE;
				CLANG_CXX_LANGUAGE_STANDARD = "gnu++20";
				CLANG_ENABLE_MODULES = YES;
				CLANG_ENABLE_OBJC_ARC = YES;
				CLANG_ENABLE_OBJC_WEAK = YES;
				CLANG_WARN_BLOCK_CAPTURE_AUTORELEASING = YES;
				CLANG_WARN_BOOL_CONVERSION = YES;
				CLANG_WARN_COMMA = YES;
				CLANG_WARN_CONSTANT_CONVERSION = YES;
				CLANG_WARN_DEPRECATED_OBJC_IMPLEMENTATIONS = YES;
				CLANG_WARN_DIRECT_OBJC_ISA_USAGE = YES_ERROR;
				CLANG_WARN_DOCUMENTATION_COMMENTS = YES;
				CLANG_WARN_EMPTY_BODY = YES;
				CLANG_WARN_ENUM_CONVERSION = YES;
				CLANG_WARN_INFINITE_RECURSION = YES;
				CLANG_WARN_INT_CONVERSION = YES;
				CLANG_WARN_NON_LITERAL_NULL_CONVERSION = YES;
				CLANG_WARN_OBJC_IMPLICIT_RETAIN_SELF = YES;
				CLANG_WARN_OBJC_LITERAL_CONVERSION = YES;
				CLANG_WARN_OBJC_ROOT_CLASS = YES_ERROR;
				CLANG_WARN_QUOTED_INCLUDE_IN_FRAMEWORK_HEADER = YES;
				CLANG_WARN_RANGE_LOOP_ANALYSIS = YES;
				CLANG_WARN_STRICT_PROTOTYPES = YES;
				CLANG_WARN_SUSPICIOUS_MOVE = YES;
				CLANG_WARN_UNGUARDED_AVAILABILITY = YES_AGGRESSIVE;
				CLANG_WARN_UNREACHABLE_CODE = YES;
				CLANG_WARN__DUPLICATE_METHOD_MATCH = YES;
				COPY_PHASE_STRIP = NO;
				DEBUG_INFORMATION_FORMAT = dwarf;
				ENABLE_STRICT_OBJC_MSGSEND = YES;
				ENABLE_TESTABILITY = YES;
				GCC_C_LANGUAGE_STANDARD = gnu11;
				GCC_DYNAMIC_NO_PIC = NO;
				GCC_NO_COMMON_BLOCKS = YES;
				GCC_OPTIMIZATION_LEVEL = 0;
				GCC_PREPROCESSOR_DEFINITIONS = (
					"DEBUG=1",
					"$(inherited)",
				);
				GCC_WARN_64_TO_32_BIT_CONVERSION = YES;
				GCC_WARN_ABOUT_RETURN_TYPE = YES_ERROR;
				GCC_WARN_UNDECLARED_SELECTOR = YES;
				GCC_WARN_UNINITIALIZED_AUTOS = YES_AGGRESSIVE;
				GCC_WARN_UNUSED_FUNCTION = YES;
				GCC_WARN_UNUSED_VARIABLE = YES;
				IPHONEOS_DEPLOYMENT_TARGET = 16.4;
				MTL_ENABLE_DEBUG_INFO = INCLUDE_SOURCE;
				MTL_FAST_MATH = YES;
				ONLY_ACTIVE_ARCH = YES;
				SDKROOT = iphoneos;
				SWIFT_ACTIVE_COMPILATION_CONDITIONS = DEBUG;
				SWIFT_OPTIMIZATION_LEVEL = "-Onone";
			};
			name = Debug;
		};
		BB86C1592A1475C100A48092 /* Release */ = {
			isa = XCBuildConfiguration;
			buildSettings = {
				ALWAYS_SEARCH_USER_PATHS = NO;
				CLANG_ANALYZER_NONNULL = YES;
				CLANG_ANALYZER_NUMBER_OBJECT_CONVERSION = YES_AGGRESSIVE;
				CLANG_CXX_LANGUAGE_STANDARD = "gnu++20";
				CLANG_ENABLE_MODULES = YES;
				CLANG_ENABLE_OBJC_ARC = YES;
				CLANG_ENABLE_OBJC_WEAK = YES;
				CLANG_WARN_BLOCK_CAPTURE_AUTORELEASING = YES;
				CLANG_WARN_BOOL_CONVERSION = YES;
				CLANG_WARN_COMMA = YES;
				CLANG_WARN_CONSTANT_CONVERSION = YES;
				CLANG_WARN_DEPRECATED_OBJC_IMPLEMENTATIONS = YES;
				CLANG_WARN_DIRECT_OBJC_ISA_USAGE = YES_ERROR;
				CLANG_WARN_DOCUMENTATION_COMMENTS = YES;
				CLANG_WARN_EMPTY_BODY = YES;
				CLANG_WARN_ENUM_CONVERSION = YES;
				CLANG_WARN_INFINITE_RECURSION = YES;
				CLANG_WARN_INT_CONVERSION = YES;
				CLANG_WARN_NON_LITERAL_NULL_CONVERSION = YES;
				CLANG_WARN_OBJC_IMPLICIT_RETAIN_SELF = YES;
				CLANG_WARN_OBJC_LITERAL_CONVERSION = YES;
				CLANG_WARN_OBJC_ROOT_CLASS = YES_ERROR;
				CLANG_WARN_QUOTED_INCLUDE_IN_FRAMEWORK_HEADER = YES;
				CLANG_WARN_RANGE_LOOP_ANALYSIS = YES;
				CLANG_WARN_STRICT_PROTOTYPES = YES;
				CLANG_WARN_SUSPICIOUS_MOVE = YES;
				CLANG_WARN_UNGUARDED_AVAILABILITY = YES_AGGRESSIVE;
				CLANG_WARN_UNREACHABLE_CODE = YES;
				CLANG_WARN__DUPLICATE_METHOD_MATCH = YES;
				COPY_PHASE_STRIP = NO;
				DEBUG_INFORMATION_FORMAT = "dwarf-with-dsym";
				ENABLE_NS_ASSERTIONS = NO;
				ENABLE_STRICT_OBJC_MSGSEND = YES;
				GCC_C_LANGUAGE_STANDARD = gnu11;
				GCC_NO_COMMON_BLOCKS = YES;
				GCC_WARN_64_TO_32_BIT_CONVERSION = YES;
				GCC_WARN_ABOUT_RETURN_TYPE = YES_ERROR;
				GCC_WARN_UNDECLARED_SELECTOR = YES;
				GCC_WARN_UNINITIALIZED_AUTOS = YES_AGGRESSIVE;
				GCC_WARN_UNUSED_FUNCTION = YES;
				GCC_WARN_UNUSED_VARIABLE = YES;
				IPHONEOS_DEPLOYMENT_TARGET = 16.4;
				MTL_ENABLE_DEBUG_INFO = NO;
				MTL_FAST_MATH = YES;
				SDKROOT = iphoneos;
				SWIFT_COMPILATION_MODE = wholemodule;
				SWIFT_OPTIMIZATION_LEVEL = "-O";
				VALIDATE_PRODUCT = YES;
			};
			name = Release;
		};
		BB86C15B2A1475C100A48092 /* Debug */ = {
			isa = XCBuildConfiguration;
			buildSettings = {
				ASSETCATALOG_COMPILER_APPICON_NAME = AppIcon;
				ASSETCATALOG_COMPILER_GLOBAL_ACCENT_COLOR_NAME = AccentColor;
				CODE_SIGN_STYLE = Automatic;
				CURRENT_PROJECT_VERSION = 1;
				DEVELOPMENT_ASSET_PATHS = "\"TicTacToeApp/Preview Content\"";
				DEVELOPMENT_TEAM = 9ZP372BPX9;
				ENABLE_PREVIEWS = YES;
				GENERATE_INFOPLIST_FILE = YES;
				INFOPLIST_KEY_UIApplicationSceneManifest_Generation = YES;
				INFOPLIST_KEY_UIApplicationSupportsIndirectInputEvents = YES;
				INFOPLIST_KEY_UILaunchScreen_Generation = YES;
				INFOPLIST_KEY_UISupportedInterfaceOrientations_iPad = "UIInterfaceOrientationPortrait UIInterfaceOrientationPortraitUpsideDown UIInterfaceOrientationLandscapeLeft UIInterfaceOrientationLandscapeRight";
				INFOPLIST_KEY_UISupportedInterfaceOrientations_iPhone = "UIInterfaceOrientationPortrait UIInterfaceOrientationLandscapeLeft UIInterfaceOrientationLandscapeRight";
				LD_RUNPATH_SEARCH_PATHS = (
					"$(inherited)",
					"@executable_path/Frameworks",
				);
				MARKETING_VERSION = 1.0;
				PRODUCT_BUNDLE_IDENTIFIER = me.djuliarso.othman.TicTacToeApp;
				PRODUCT_NAME = "$(TARGET_NAME)";
				SWIFT_EMIT_LOC_STRINGS = YES;
				SWIFT_VERSION = 5.0;
				TARGETED_DEVICE_FAMILY = "1,2";
			};
			name = Debug;
		};
		BB86C15C2A1475C100A48092 /* Release */ = {
			isa = XCBuildConfiguration;
			buildSettings = {
				ASSETCATALOG_COMPILER_APPICON_NAME = AppIcon;
				ASSETCATALOG_COMPILER_GLOBAL_ACCENT_COLOR_NAME = AccentColor;
				CODE_SIGN_STYLE = Automatic;
				CURRENT_PROJECT_VERSION = 1;
				DEVELOPMENT_ASSET_PATHS = "\"TicTacToeApp/Preview Content\"";
				DEVELOPMENT_TEAM = 9ZP372BPX9;
				ENABLE_PREVIEWS = YES;
				GENERATE_INFOPLIST_FILE = YES;
				INFOPLIST_KEY_UIApplicationSceneManifest_Generation = YES;
				INFOPLIST_KEY_UIApplicationSupportsIndirectInputEvents = YES;
				INFOPLIST_KEY_UILaunchScreen_Generation = YES;
				INFOPLIST_KEY_UISupportedInterfaceOrientations_iPad = "UIInterfaceOrientationPortrait UIInterfaceOrientationPortraitUpsideDown UIInterfaceOrientationLandscapeLeft UIInterfaceOrientationLandscapeRight";
				INFOPLIST_KEY_UISupportedInterfaceOrientations_iPhone = "UIInterfaceOrientationPortrait UIInterfaceOrientationLandscapeLeft UIInterfaceOrientationLandscapeRight";
				LD_RUNPATH_SEARCH_PATHS = (
					"$(inherited)",
					"@executable_path/Frameworks",
				);
				MARKETING_VERSION = 1.0;
				PRODUCT_BUNDLE_IDENTIFIER = me.djuliarso.othman.TicTacToeApp;
				PRODUCT_NAME = "$(TARGET_NAME)";
				SWIFT_EMIT_LOC_STRINGS = YES;
				SWIFT_VERSION = 5.0;
				TARGETED_DEVICE_FAMILY = "1,2";
			};
			name = Release;
		};
		BB86C15E2A1475C100A48092 /* Debug */ = {
			isa = XCBuildConfiguration;
			buildSettings = {
				ALWAYS_EMBED_SWIFT_STANDARD_LIBRARIES = YES;
				BUNDLE_LOADER = "$(TEST_HOST)";
				CODE_SIGN_STYLE = Automatic;
				CURRENT_PROJECT_VERSION = 1;
				DEVELOPMENT_TEAM = 9ZP372BPX9;
				GENERATE_INFOPLIST_FILE = YES;
				IPHONEOS_DEPLOYMENT_TARGET = 16.4;
				MARKETING_VERSION = 1.0;
				PRODUCT_BUNDLE_IDENTIFIER = me.djuliarso.othman.TicTacToeAppTests;
				PRODUCT_NAME = "$(TARGET_NAME)";
				SWIFT_EMIT_LOC_STRINGS = NO;
				SWIFT_VERSION = 5.0;
				TARGETED_DEVICE_FAMILY = "1,2";
				TEST_HOST = "$(BUILT_PRODUCTS_DIR)/TicTacToeApp.app/$(BUNDLE_EXECUTABLE_FOLDER_PATH)/TicTacToeApp";
			};
			name = Debug;
		};
		BB86C15F2A1475C100A48092 /* Release */ = {
			isa = XCBuildConfiguration;
			buildSettings = {
				ALWAYS_EMBED_SWIFT_STANDARD_LIBRARIES = YES;
				BUNDLE_LOADER = "$(TEST_HOST)";
				CODE_SIGN_STYLE = Automatic;
				CURRENT_PROJECT_VERSION = 1;
				DEVELOPMENT_TEAM = 9ZP372BPX9;
				GENERATE_INFOPLIST_FILE = YES;
				IPHONEOS_DEPLOYMENT_TARGET = 16.4;
				MARKETING_VERSION = 1.0;
				PRODUCT_BUNDLE_IDENTIFIER = me.djuliarso.othman.TicTacToeAppTests;
				PRODUCT_NAME = "$(TARGET_NAME)";
				SWIFT_EMIT_LOC_STRINGS = NO;
				SWIFT_VERSION = 5.0;
				TARGETED_DEVICE_FAMILY = "1,2";
				TEST_HOST = "$(BUILT_PRODUCTS_DIR)/TicTacToeApp.app/$(BUNDLE_EXECUTABLE_FOLDER_PATH)/TicTacToeApp";
			};
			name = Release;
		};
		BB86C1612A1475C100A48092 /* Debug */ = {
			isa = XCBuildConfiguration;
			buildSettings = {
				ALWAYS_EMBED_SWIFT_STANDARD_LIBRARIES = YES;
				CODE_SIGN_STYLE = Automatic;
				CURRENT_PROJECT_VERSION = 1;
				DEVELOPMENT_TEAM = 9ZP372BPX9;
				GENERATE_INFOPLIST_FILE = YES;
				MARKETING_VERSION = 1.0;
				PRODUCT_BUNDLE_IDENTIFIER = me.djuliarso.othman.TicTacToeAppUITests;
				PRODUCT_NAME = "$(TARGET_NAME)";
				SWIFT_EMIT_LOC_STRINGS = NO;
				SWIFT_VERSION = 5.0;
				TARGETED_DEVICE_FAMILY = "1,2";
				TEST_TARGET_NAME = TicTacToeApp;
			};
			name = Debug;
		};
		BB86C1622A1475C100A48092 /* Release */ = {
			isa = XCBuildConfiguration;
			buildSettings = {
				ALWAYS_EMBED_SWIFT_STANDARD_LIBRARIES = YES;
				CODE_SIGN_STYLE = Automatic;
				CURRENT_PROJECT_VERSION = 1;
				DEVELOPMENT_TEAM = 9ZP372BPX9;
				GENERATE_INFOPLIST_FILE = YES;
				MARKETING_VERSION = 1.0;
				PRODUCT_BUNDLE_IDENTIFIER = me.djuliarso.othman.TicTacToeAppUITests;
				PRODUCT_NAME = "$(TARGET_NAME)";
				SWIFT_EMIT_LOC_STRINGS = NO;
				SWIFT_VERSION = 5.0;
				TARGETED_DEVICE_FAMILY = "1,2";
				TEST_TARGET_NAME = TicTacToeApp;
			};
			name = Release;
		};
/* End XCBuildConfiguration section */

/* Begin XCConfigurationList section */
		BB86C12C2A1475C000A48092 /* Build configuration list for PBXProject "TicTacToeApp" */ = {
			isa = XCConfigurationList;
			buildConfigurations = (
				BB86C1582A1475C100A48092 /* Debug */,
				BB86C1592A1475C100A48092 /* Release */,
			);
			defaultConfigurationIsVisible = 0;
			defaultConfigurationName = Release;
		};
		BB86C15A2A1475C100A48092 /* Build configuration list for PBXNativeTarget "TicTacToeApp" */ = {
			isa = XCConfigurationList;
			buildConfigurations = (
				BB86C15B2A1475C100A48092 /* Debug */,
				BB86C15C2A1475C100A48092 /* Release */,
			);
			defaultConfigurationIsVisible = 0;
			defaultConfigurationName = Release;
		};
		BB86C15D2A1475C100A48092 /* Build configuration list for PBXNativeTarget "TicTacToeAppTests" */ = {
			isa = XCConfigurationList;
			buildConfigurations = (
				BB86C15E2A1475C100A48092 /* Debug */,
				BB86C15F2A1475C100A48092 /* Release */,
			);
			defaultConfigurationIsVisible = 0;
			defaultConfigurationName = Release;
		};
		BB86C1602A1475C100A48092 /* Build configuration list for PBXNativeTarget "TicTacToeAppUITests" */ = {
			isa = XCConfigurationList;
			buildConfigurations = (
				BB86C1612A1475C100A48092 /* Debug */,
				BB86C1622A1475C100A48092 /* Release */,
			);
			defaultConfigurationIsVisible = 0;
			defaultConfigurationName = Release;
		};
/* End XCConfigurationList section */

/* Begin XCVersionGroup section */
		BB86C13F2A1475C100A48092 /* TicTacToeApp.xcdatamodeld */ = {
			isa = XCVersionGroup;
			children = (
				BB86C1402A1475C100A48092 /* TicTacToeApp.xcdatamodel */,
			);
			currentVersion = BB86C1402A1475C100A48092 /* TicTacToeApp.xcdatamodel */;
			path = TicTacToeApp.xcdatamodeld;
			sourceTree = "<group>";
			versionGroupType = wrapper.xcdatamodel;
		};
/* End XCVersionGroup section */
	};
	rootObject = BB86C1292A1475C000A48092 /* Project object */;
}
